
Microsoft Visual Studio Solution File, Format Version 12.00
# Visual Studio Version 16
VisualStudioVersion = 16.0.30523.141
MinimumVisualStudioVersion = 10.0.40219.1
Project("{FAE04EC0-301F-11D3-BF4B-00C04F79EFBC}") = "GestorInfracciones", "GestorInfracciones\GestorInfracciones.csproj", "{C37E1EBB-C9D5-4C6E-ABB5-37D8F3999EB6}"
EndProject
Global
	GlobalSection(SolutionConfigurationPlatforms) = preSolution
		Debug|Any CPU = Debug|Any CPU
		Release|Any CPU = Release|Any CPU
	EndGlobalSection
	GlobalSection(ProjectConfigurationPlatforms) = postSolution
		{C37E1EBB-C9D5-4C6E-ABB5-37D8F3999EB6}.Debug|Any CPU.ActiveCfg = Debug|Any CPU
		{C37E1EBB-C9D5-4C6E-ABB5-37D8F3999EB6}.Debug|Any CPU.Build.0 = Debug|Any CPU
		{C37E1EBB-C9D5-4C6E-ABB5-37D8F3999EB6}.Release|Any CPU.ActiveCfg = Release|Any CPU
		{C37E1EBB-C9D5-4C6E-ABB5-37D8F3999EB6}.Release|Any CPU.Build.0 = Release|Any CPU
	EndGlobalSection
	GlobalSection(SolutionProperties) = preSolution
		HideSolutionNode = FALSE
	EndGlobalSection
	GlobalSection(ExtensibilityGlobals) = postSolution
		SolutionGuid = {2D7CAE3A-8D6F-4384-8FAE-E9AEA909A3FC}
	EndGlobalSection
EndGlobal
